
Microsoft Visual Studio Solution File, Format Version 12.00
# Visual Studio Version 16
VisualStudioVersion = 16.0.32602.290
MinimumVisualStudioVersion = 10.0.40219.1
Project("{FAE04EC0-301F-11D3-BF4B-00C04F79EFBC}") = "Tema2-CuadrosTexto", "Tema2-CuadrosTexto.csproj", "{A9060072-C0A2-4AEC-BEB8-5C3694A7AC53}"
EndProject
Global
	GlobalSection(SolutionConfigurationPlatforms) = preSolution
		Debug|Any CPU = Debug|Any CPU
		Release|Any CPU = Release|Any CPU
	EndGlobalSection
	GlobalSection(ProjectConfigurationPlatforms) = postSolution
		{A9060072-C0A2-4AEC-BEB8-5C3694A7AC53}.Debug|Any CPU.ActiveCfg = Debug|Any CPU
		{A9060072-C0A2-4AEC-BEB8-5C3694A7AC53}.Debug|Any CPU.Build.0 = Debug|Any CPU
		{A9060072-C0A2-4AEC-BEB8-5C3694A7AC53}.Release|Any CPU.ActiveCfg = Release|Any CPU
		{A9060072-C0A2-4AEC-BEB8-5C3694A7AC53}.Release|Any CPU.Build.0 = Release|Any CPU
	EndGlobalSection
	GlobalSection(SolutionProperties) = preSolution
		HideSolutionNode = FALSE
	EndGlobalSection
	GlobalSection(ExtensibilityGlobals) = postSolution
		SolutionGuid = {D4CEC857-8857-4380-B9B7-3FAF9FB4E83E}
	EndGlobalSection
EndGlobal
